
Microsoft Visual Studio Solution File, Format Version 12.00
# Visual Studio Version 16
VisualStudioVersion = 16.0.31829.152
MinimumVisualStudioVersion = 10.0.40219.1
Project("{FAE04EC0-301F-11D3-BF4B-00C04F79EFBC}") = "WebApplication1", "WebApplication1.csproj", "{79489FBE-8FF2-4FC9-8D51-428E93889EDC}"
EndProject
Global
	GlobalSection(SolutionConfigurationPlatforms) = preSolution
		Debug|Any CPU = Debug|Any CPU
		Release|Any CPU = Release|Any CPU
	EndGlobalSection
	GlobalSection(ProjectConfigurationPlatforms) = postSolution
		{79489FBE-8FF2-4FC9-8D51-428E93889EDC}.Debug|Any CPU.ActiveCfg = Debug|Any CPU
		{79489FBE-8FF2-4FC9-8D51-428E93889EDC}.Debug|Any CPU.Build.0 = Debug|Any CPU
		{79489FBE-8FF2-4FC9-8D51-428E93889EDC}.Release|Any CPU.ActiveCfg = Release|Any CPU
		{79489FBE-8FF2-4FC9-8D51-428E93889EDC}.Release|Any CPU.Build.0 = Release|Any CPU
	EndGlobalSection
	GlobalSection(SolutionProperties) = preSolution
		HideSolutionNode = FALSE
	EndGlobalSection
	GlobalSection(ExtensibilityGlobals) = postSolution
		SolutionGuid = {DC1D58F5-831A-4091-8CA1-68F3FE43BCA9}
	EndGlobalSection
EndGlobal
